# THIS IS AN AUTOGENERATED FILE. DO NOT EDIT THIS FILE DIRECTLY.
# yarn lockfile v1


"@types/bson@*":
  version "1.0.3"
  resolved "https://registry.yarnpkg.com/@types/bson/-/bson-1.0.3.tgz#6c26f0876bf9d8cbb06edd4019e29354bf3a03e0"
  dependencies:
    "@types/node" "*"

"@types/mongodb@*":
  version "2.2.7"
  resolved "https://registry.yarnpkg.com/@types/mongodb/-/mongodb-2.2.7.tgz#35c04cb60ff06d0c6ab71cc6561e41baf094fa70"
  dependencies:
    "@types/bson" "*"
    "@types/node" "*"

"@types/mongoose@^4.7.18":
  version "4.7.18"
  resolved "https://registry.yarnpkg.com/@types/mongoose/-/mongoose-4.7.18.tgz#ed719dfd9246ae1c39b1749d9b82fea93b23bd00"
  dependencies:
    "@types/mongodb" "*"
    "@types/node" "*"

"@types/node@*":
  version "8.0.7"
  resolved "https://registry.yarnpkg.com/@types/node/-/node-8.0.7.tgz#fb0ad04b5b6f6eabe0372a32a8f1fbba5c130cae"
